hash: f7c5960b5e6eeef39a93b37d64ba5dacff45dc4c0e3fac5ffb7a3380f685c907
updated: 2017-01-24T23:48:02.715799721+01:00
imports:
- name: github.com/Azure/go-ansiterm
  version: fa152c58bc15761d0200cb75fe958b89a9d4888e
  subpackages:
  - winterm
- name: github.com/docker/docker
  version: 675e6224329dd46a8e5e52d7035da88fc97def94
  subpackages:
  - pkg/term
  - pkg/term/windows
- name: github.com/docker/machine
  version: 91e368eb7422665278b1d5665139ee0f9980b588
  subpackages:
  - libmachine/drivers
  - libmachine/drivers/plugin
  - libmachine/drivers/plugin/localbinary
  - libmachine/drivers/rpc
  - libmachine/log
  - libmachine/mcnflag
  - libmachine/mcnutils
  - libmachine/ssh
  - libmachine/state
  - libmachine/version
  - version
- name: github.com/kolo/xmlrpc
  version: 0826b98aaa29c0766956cb40d45cf7482a597671
- name: github.com/OpenNebula/goca
  version: 12ac22a6c745ec7bf7745174698ca068781fa589
- name: github.com/Sirupsen/logrus
  version: 61e43dc76f7ee59a82bdf3d71033dc12bea4c77d
- name: golang.org/x/crypto
  version: 1f22c0103821b9390939b6776727195525381532
  subpackages:
  - curve25519
  - ssh
  - ssh/terminal
- name: golang.org/x/sys
  version: d9157a9621b69ad1d8d77a1933590c416593f24f
  subpackages:
  - unix
  - windows/registry
- name: launchpad.net/xmlpath
  version: "4"
testImports: []
